
Microsoft Visual Studio Solution File, Format Version 12.00
# Visual Studio 15
VisualStudioVersion = 15.0.28010.2019
MinimumVisualStudioVersion = 10.0.40219.1
Project("{FAE04EC0-301F-11D3-BF4B-00C04F79EFBC}") = "Lab1", "Lab1\Lab1.csproj", "{4696C88E-4247-4938-817F-A44DB198C9FF}"
EndProject
Global
	GlobalSection(SolutionConfigurationPlatforms) = preSolution
		Debug|Any CPU = Debug|Any CPU
		Release|Any CPU = Release|Any CPU
	EndGlobalSection
	GlobalSection(ProjectConfigurationPlatforms) = postSolution
		{4696C88E-4247-4938-817F-A44DB198C9FF}.Debug|Any CPU.ActiveCfg = Debug|Any CPU
		{4696C88E-4247-4938-817F-A44DB198C9FF}.Debug|Any CPU.Build.0 = Debug|Any CPU
		{4696C88E-4247-4938-817F-A44DB198C9FF}.Release|Any CPU.ActiveCfg = Release|Any CPU
		{4696C88E-4247-4938-817F-A44DB198C9FF}.Release|Any CPU.Build.0 = Release|Any CPU
	EndGlobalSection
	GlobalSection(SolutionProperties) = preSolution
		HideSolutionNode = FALSE
	EndGlobalSection
	GlobalSection(ExtensibilityGlobals) = postSolution
		SolutionGuid = {7416C2B8-5DAA-46B9-A0CB-4F5589BB4592}
	EndGlobalSection
EndGlobal
